
Microsoft Visual Studio Solution File, Format Version 12.00
# Visual Studio Version 16
VisualStudioVersion = 16.0.29215.179
MinimumVisualStudioVersion = 10.0.40219.1
Project("{FAE04EC0-301F-11D3-BF4B-00C04F79EFBC}") = "Quads.UWP", "Quads\Quads.UWP\Quads.UWP.csproj", "{32C125B3-E887-4DF4-ACEF-EEC09637CDC7}"
EndProject
Project("{FAE04EC0-301F-11D3-BF4B-00C04F79EFBC}") = "Quads.Android", "Quads\Quads.Android\Quads.Android.csproj", "{448052FC-0B12-4D7A-8614-A18DDEB926D9}"
EndProject
Project("{FAE04EC0-301F-11D3-BF4B-00C04F79EFBC}") = "Quads.iOS", "Quads\Quads.iOS\Quads.iOS.csproj", "{EBA22B32-83C3-48B2-9B7B-1AE7F44634E5}"
EndProject
Project("{FAE04EC0-301F-11D3-BF4B-00C04F79EFBC}") = "Quads", "Quads\Quads\Quads.csproj", "{7612A5C2-C297-43F0-A1EA-855A455EC937}"
EndProject
Global
	GlobalSection(SolutionConfigurationPlatforms) = preSolution
		Debug|Any CPU = Debug|Any CPU
		Debug|ARM = Debug|ARM
		Debug|iPhone = Debug|iPhone
		Debug|iPhoneSimulator = Debug|iPhoneSimulator
		Debug|x64 = Debug|x64
		Debug|x86 = Debug|x86
		Release|Any CPU = Release|Any CPU
		Release|ARM = Release|ARM
		Release|iPhone = Release|iPhone
		Release|iPhoneSimulator = Release|iPhoneSimulator
		Release|x64 = Release|x64
		Release|x86 = Release|x86
	EndGlobalSection
	GlobalSection(ProjectConfigurationPlatforms) = postSolution
		{32C125B3-E887-4DF4-ACEF-EEC09637CDC7}.Debug|Any CPU.ActiveCfg = Debug|x86
		{32C125B3-E887-4DF4-ACEF-EEC09637CDC7}.Debug|Any CPU.Build.0 = Debug|x86
		{32C125B3-E887-4DF4-ACEF-EEC09637CDC7}.Debug|Any CPU.Deploy.0 = Debug|x86
		{32C125B3-E887-4DF4-ACEF-EEC09637CDC7}.Debug|ARM.ActiveCfg = Debug|ARM
		{32C125B3-E887-4DF4-ACEF-EEC09637CDC7}.Debug|ARM.Build.0 = Debug|ARM
		{32C125B3-E887-4DF4-ACEF-EEC09637CDC7}.Debug|ARM.Deploy.0 = Debug|ARM
		{32C125B3-E887-4DF4-ACEF-EEC09637CDC7}.Debug|iPhone.ActiveCfg = Debug|x86
		{32C125B3-E887-4DF4-ACEF-EEC09637CDC7}.Debug|iPhone.Build.0 = Debug|x86
		{32C125B3-E887-4DF4-ACEF-EEC09637CDC7}.Debug|iPhone.Deploy.0 = Debug|x86
		{32C125B3-E887-4DF4-ACEF-EEC09637CDC7}.Debug|iPhoneSimulator.ActiveCfg = Debug|x86
		{32C125B3-E887-4DF4-ACEF-EEC09637CDC7}.Debug|iPhoneSimulator.Build.0 = Debug|x86
		{32C125B3-E887-4DF4-ACEF-EEC09637CDC7}.Debug|iPhoneSimulator.Deploy.0 = Debug|x86
		{32C125B3-E887-4DF4-ACEF-EEC09637CDC7}.Debug|x64.ActiveCfg = Debug|x64
		{32C125B3-E887-4DF4-ACEF-EEC09637CDC7}.Debug|x64.Build.0 = Debug|x64
		{32C125B3-E887-4DF4-ACEF-EEC09637CDC7}.Debug|x64.Deploy.0 = Debug|x64
		{32C125B3-E887-4DF4-ACEF-EEC09637CDC7}.Debug|x86.ActiveCfg = Debug|x86
		{32C125B3-E887-4DF4-ACEF-EEC09637CDC7}.Debug|x86.Build.0 = Debug|x86
		{32C125B3-E887-4DF4-ACEF-EEC09637CDC7}.Debug|x86.Deploy.0 = Debug|x86
		{32C125B3-E887-4DF4-ACEF-EEC09637CDC7}.Release|Any CPU.ActiveCfg = Release|x86
		{32C125B3-E887-4DF4-ACEF-EEC09637CDC7}.Release|Any CPU.Build.0 = Release|x86
		{32C125B3-E887-4DF4-ACEF-EEC09637CDC7}.Release|Any CPU.Deploy.0 = Release|x86
		{32C125B3-E887-4DF4-ACEF-EEC09637CDC7}.Release|ARM.ActiveCfg = Release|ARM
		{32C125B3-E887-4DF4-ACEF-EEC09637CDC7}.Release|ARM.Build.0 = Release|ARM
		{32C125B3-E887-4DF4-ACEF-EEC09637CDC7}.Release|ARM.Deploy.0 = Release|ARM
		{32C125B3-E887-4DF4-ACEF-EEC09637CDC7}.Release|iPhone.ActiveCfg = Release|x86
		{32C125B3-E887-4DF4-ACEF-EEC09637CDC7}.Release|iPhone.Build.0 = Release|x86
		{32C125B3-E887-4DF4-ACEF-EEC09637CDC7}.Release|iPhone.Deploy.0 = Release|x86
		{32C125B3-E887-4DF4-ACEF-EEC09637CDC7}.Release|iPhoneSimulator.ActiveCfg = Release|x86
		{32C125B3-E887-4DF4-ACEF-EEC09637CDC7}.Release|iPhoneSimulator.Build.0 = Release|x86
		{32C125B3-E887-4DF4-ACEF-EEC09637CDC7}.Release|iPhoneSimulator.Deploy.0 = Release|x86
		{32C125B3-E887-4DF4-ACEF-EEC09637CDC7}.Release|x64.ActiveCfg = Release|x64
		{32C125B3-E887-4DF4-ACEF-EEC09637CDC7}.Release|x64.Build.0 = Release|x64
		{32C125B3-E887-4DF4-ACEF-EEC09637CDC7}.Release|x64.Deploy.0 = Release|x64
		{32C125B3-E887-4DF4-ACEF-EEC09637CDC7}.Release|x86.ActiveCfg = Release|x86
		{32C125B3-E887-4DF4-ACEF-EEC09637CDC7}.Release|x86.Build.0 = Release|x86
		{32C125B3-E887-4DF4-ACEF-EEC09637CDC7}.Release|x86.Deploy.0 = Release|x86
		{448052FC-0B12-4D7A-8614-A18DDEB926D9}.Debug|Any CPU.ActiveCfg = Debug|Any CPU
		{448052FC-0B12-4D7A-8614-A18DDEB926D9}.Debug|Any CPU.Build.0 = Debug|Any CPU
		{448052FC-0B12-4D7A-8614-A18DDEB926D9}.Debug|Any CPU.Deploy.0 = Debug|Any CPU
		{448052FC-0B12-4D7A-8614-A18DDEB926D9}.Debug|ARM.ActiveCfg = Debug|Any CPU
		{448052FC-0B12-4D7A-8614-A18DDEB926D9}.Debug|ARM.Build.0 = Debug|Any CPU
		{448052FC-0B12-4D7A-8614-A18DDEB926D9}.Debug|ARM.Deploy.0 = Debug|Any CPU
		{448052FC-0B12-4D7A-8614-A18DDEB926D9}.Debug|iPhone.ActiveCfg = Debug|Any CPU
		{448052FC-0B12-4D7A-8614-A18DDEB926D9}.Debug|iPhone.Build.0 = Debug|Any CPU
		{448052FC-0B12-4D7A-8614-A18DDEB926D9}.Debug|iPhone.Deploy.0 = Debug|Any CPU
		{448052FC-0B12-4D7A-8614-A18DDEB926D9}.Debug|iPhoneSimulator.ActiveCfg = Debug|Any CPU
		{448052FC-0B12-4D7A-8614-A18DDEB926D9}.Debug|iPhoneSimulator.Build.0 = Debug|Any CPU
		{448052FC-0B12-4D7A-8614-A18DDEB926D9}.Debug|iPhoneSimulator.Deploy.0 = Debug|Any CPU
		{448052FC-0B12-4D7A-8614-A18DDEB926D9}.Debug|x64.ActiveCfg = Debug|Any CPU
		{448052FC-0B12-4D7A-8614-A18DDEB926D9}.Debug|x64.Build.0 = Debug|Any CPU
		{448052FC-0B12-4D7A-8614-A18DDEB926D9}.Debug|x64.Deploy.0 = Debug|Any CPU
		{448052FC-0B12-4D7A-8614-A18DDEB926D9}.Debug|x86.ActiveCfg = Debug|Any CPU
		{448052FC-0B12-4D7A-8614-A18DDEB926D9}.Debug|x86.Build.0 = Debug|Any CPU
		{448052FC-0B12-4D7A-8614-A18DDEB926D9}.Debug|x86.Deploy.0 = Debug|Any CPU
		{448052FC-0B12-4D7A-8614-A18DDEB926D9}.Release|Any CPU.ActiveCfg = Release|Any CPU
		{448052FC-0B12-4D7A-8614-A18DDEB926D9}.Release|Any CPU.Build.0 = Release|Any CPU
		{448052FC-0B12-4D7A-8614-A18DDEB926D9}.Release|Any CPU.Deploy.0 = Release|Any CPU
		{448052FC-0B12-4D7A-8614-A18DDEB926D9}.Release|ARM.ActiveCfg = Release|Any CPU
		{448052FC-0B12-4D7A-8614-A18DDEB926D9}.Release|ARM.Build.0 = Release|Any CPU
		{448052FC-0B12-4D7A-8614-A18DDEB926D9}.Release|ARM.Deploy.0 = Release|Any CPU
		{448052FC-0B12-4D7A-8614-A18DDEB926D9}.Release|iPhone.ActiveCfg = Release|Any CPU
		{448052FC-0B12-4D7A-8614-A18DDEB926D9}.Release|iPhone.Build.0 = Release|Any CPU
		{448052FC-0B12-4D7A-8614-A18DDEB926D9}.Release|iPhone.Deploy.0 = Release|Any CPU
		{448052FC-0B12-4D7A-8614-A18DDEB926D9}.Release|iPhoneSimulator.ActiveCfg = Release|Any CPU
		{448052FC-0B12-4D7A-8614-A18DDEB926D9}.Release|iPhoneSimulator.Build.0 = Release|Any CPU
		{448052FC-0B12-4D7A-8614-A18DDEB926D9}.Release|iPhoneSimulator.Deploy.0 = Release|Any CPU
		{448052FC-0B12-4D7A-8614-A18DDEB926D9}.Release|x64.ActiveCfg = Release|Any CPU
		{448052FC-0B12-4D7A-8614-A18DDEB926D9}.Release|x64.Build.0 = Release|Any CPU
		{448052FC-0B12-4D7A-8614-A18DDEB926D9}.Release|x64.Deploy.0 = Release|Any CPU
		{448052FC-0B12-4D7A-8614-A18DDEB926D9}.Release|x86.ActiveCfg = Release|Any CPU
		{448052FC-0B12-4D7A-8614-A18DDEB926D9}.Release|x86.Build.0 = Release|Any CPU
		{448052FC-0B12-4D7A-8614-A18DDEB926D9}.Release|x86.Deploy.0 = Release|Any CPU
		{EBA22B32-83C3-48B2-9B7B-1AE7F44634E5}.Debug|Any CPU.ActiveCfg = Debug|iPhone
		{EBA22B32-83C3-48B2-9B7B-1AE7F44634E5}.Debug|Any CPU.Build.0 = Debug|iPhone
		{EBA22B32-83C3-48B2-9B7B-1AE7F44634E5}.Debug|Any CPU.Deploy.0 = Debug|iPhone
		{EBA22B32-83C3-48B2-9B7B-1AE7F44634E5}.Debug|ARM.ActiveCfg = Debug|iPhoneSimulator
		{EBA22B32-83C3-48B2-9B7B-1AE7F44634E5}.Debug|ARM.Build.0 = Debug|iPhoneSimulator
		{EBA22B32-83C3-48B2-9B7B-1AE7F44634E5}.Debug|ARM.Deploy.0 = Debug|iPhoneSimulator
		{EBA22B32-83C3-48B2-9B7B-1AE7F44634E5}.Debug|iPhone.ActiveCfg = Debug|iPhone
		{EBA22B32-83C3-48B2-9B7B-1AE7F44634E5}.Debug|iPhone.Build.0 = Debug|iPhone
		{EBA22B32-83C3-48B2-9B7B-1AE7F44634E5}.Debug|iPhone.Deploy.0 = Debug|iPhone
		{EBA22B32-83C3-48B2-9B7B-1AE7F44634E5}.Debug|iPhoneSimulator.ActiveCfg = Debug|iPhoneSimulator
		{EBA22B32-83C3-48B2-9B7B-1AE7F44634E5}.Debug|iPhoneSimulator.Build.0 = Debug|iPhoneSimulator
		{EBA22B32-83C3-48B2-9B7B-1AE7F44634E5}.Debug|iPhoneSimulator.Deploy.0 = Debug|iPhoneSimulator
		{EBA22B32-83C3-48B2-9B7B-1AE7F44634E5}.Debug|x64.ActiveCfg = Debug|iPhone
		{EBA22B32-83C3-48B2-9B7B-1AE7F44634E5}.Debug|x64.Build.0 = Debug|iPhone
		{EBA22B32-83C3-48B2-9B7B-1AE7F44634E5}.Debug|x64.Deploy.0 = Debug|iPhone
		{EBA22B32-83C3-48B2-9B7B-1AE7F44634E5}.Debug|x86.ActiveCfg = Debug|iPhone
		{EBA22B32-83C3-48B2-9B7B-1AE7F44634E5}.Debug|x86.Build.0 = Debug|iPhone
		{EBA22B32-83C3-48B2-9B7B-1AE7F44634E5}.Debug|x86.Deploy.0 = Debug|iPhone
		{EBA22B32-83C3-48B2-9B7B-1AE7F44634E5}.Release|Any CPU.ActiveCfg = Release|iPhone
		{EBA22B32-83C3-48B2-9B7B-1AE7F44634E5}.Release|Any CPU.Build.0 = Release|iPhone
		{EBA22B32-83C3-48B2-9B7B-1AE7F44634E5}.Release|Any CPU.Deploy.0 = Release|iPhone
		{EBA22B32-83C3-48B2-9B7B-1AE7F44634E5}.Release|ARM.ActiveCfg = Release|iPhone
		{EBA22B32-83C3-48B2-9B7B-1AE7F44634E5}.Release|ARM.Build.0 = Release|iPhone
		{EBA22B32-83C3-48B2-9B7B-1AE7F44634E5}.Release|ARM.Deploy.0 = Release|iPhone
		{EBA22B32-83C3-48B2-9B7B-1AE7F44634E5}.Release|iPhone.ActiveCfg = Release|iPhone
		{EBA22B32-83C3-48B2-9B7B-1AE7F44634E5}.Release|iPhone.Build.0 = Release|iPhone
		{EBA22B32-83C3-48B2-9B7B-1AE7F44634E5}.Release|iPhone.Deploy.0 = Release|iPhone
		{EBA22B32-83C3-48B2-9B7B-1AE7F44634E5}.Release|iPhoneSimulator.ActiveCfg = Release|iPhoneSimulator
		{EBA22B32-83C3-48B2-9B7B-1AE7F44634E5}.Release|iPhoneSimulator.Build.0 = Release|iPhoneSimulator
		{EBA22B32-83C3-48B2-9B7B-1AE7F44634E5}.Release|iPhoneSimulator.Deploy.0 = Release|iPhoneSimulator
		{EBA22B32-83C3-48B2-9B7B-1AE7F44634E5}.Release|x64.ActiveCfg = Release|iPhone
		{EBA22B32-83C3-48B2-9B7B-1AE7F44634E5}.Release|x64.Build.0 = Release|iPhone
		{EBA22B32-83C3-48B2-9B7B-1AE7F44634E5}.Release|x64.Deploy.0 = Release|iPhone
		{EBA22B32-83C3-48B2-9B7B-1AE7F44634E5}.Release|x86.ActiveCfg = Release|iPhone
		{EBA22B32-83C3-48B2-9B7B-1AE7F44634E5}.Release|x86.Build.0 = Release|iPhone
		{EBA22B32-83C3-48B2-9B7B-1AE7F44634E5}.Release|x86.Deploy.0 = Release|iPhone
		{7612A5C2-C297-43F0-A1EA-855A455EC937}.Debug|Any CPU.ActiveCfg = Debug|Any CPU
		{7612A5C2-C297-43F0-A1EA-855A455EC937}.Debug|Any CPU.Build.0 = Debug|Any CPU
		{7612A5C2-C297-43F0-A1EA-855A455EC937}.Debug|Any CPU.Deploy.0 = Debug|Any CPU
		{7612A5C2-C297-43F0-A1EA-855A455EC937}.Debug|ARM.ActiveCfg = Debug|Any CPU
		{7612A5C2-C297-43F0-A1EA-855A455EC937}.Debug|ARM.Build.0 = Debug|Any CPU
		{7612A5C2-C297-43F0-A1EA-855A455EC937}.Debug|ARM.Deploy.0 = Debug|Any CPU
		{7612A5C2-C297-43F0-A1EA-855A455EC937}.Debug|iPhone.ActiveCfg = Debug|Any CPU
		{7612A5C2-C297-43F0-A1EA-855A455EC937}.Debug|iPhone.Build.0 = Debug|Any CPU
		{7612A5C2-C297-43F0-A1EA-855A455EC937}.Debug|iPhone.Deploy.0 = Debug|Any CPU
		{7612A5C2-C297-43F0-A1EA-855A455EC937}.Debug|iPhoneSimulator.ActiveCfg = Debug|Any CPU
		{7612A5C2-C297-43F0-A1EA-855A455EC937}.Debug|iPhoneSimulator.Build.0 = Debug|Any CPU
		{7612A5C2-C297-43F0-A1EA-855A455EC937}.Debug|iPhoneSimulator.Deploy.0 = Debug|Any CPU
		{7612A5C2-C297-43F0-A1EA-855A455EC937}.Debug|x64.ActiveCfg = Debug|Any CPU
		{7612A5C2-C297-43F0-A1EA-855A455EC937}.Debug|x64.Build.0 = Debug|Any CPU
		{7612A5C2-C297-43F0-A1EA-855A455EC937}.Debug|x64.Deploy.0 = Debug|Any CPU
		{7612A5C2-C297-43F0-A1EA-855A455EC937}.Debug|x86.ActiveCfg = Debug|Any CPU
		{7612A5C2-C297-43F0-A1EA-855A455EC937}.Debug|x86.Build.0 = Debug|Any CPU
		{7612A5C2-C297-43F0-A1EA-855A455EC937}.Debug|x86.Deploy.0 = Debug|Any CPU
		{7612A5C2-C297-43F0-A1EA-855A455EC937}.Release|Any CPU.ActiveCfg = Release|Any CPU
		{7612A5C2-C297-43F0-A1EA-855A455EC937}.Release|Any CPU.Build.0 = Release|Any CPU
		{7612A5C2-C297-43F0-A1EA-855A455EC937}.Release|Any CPU.Deploy.0 = Release|Any CPU
		{7612A5C2-C297-43F0-A1EA-855A455EC937}.Release|ARM.ActiveCfg = Release|Any CPU
		{7612A5C2-C297-43F0-A1EA-855A455EC937}.Release|ARM.Build.0 = Release|Any CPU
		{7612A5C2-C297-43F0-A1EA-855A455EC937}.Release|ARM.Deploy.0 = Release|Any CPU
		{7612A5C2-C297-43F0-A1EA-855A455EC937}.Release|iPhone.ActiveCfg = Release|Any CPU
		{7612A5C2-C297-43F0-A1EA-855A455EC937}.Release|iPhone.Build.0 = Release|Any CPU
		{7612A5C2-C297-43F0-A1EA-855A455EC937}.Release|iPhone.Deploy.0 = Release|Any CPU
		{7612A5C2-C297-43F0-A1EA-855A455EC937}.Release|iPhoneSimulator.ActiveCfg = Release|Any CPU
		{7612A5C2-C297-43F0-A1EA-855A455EC937}.Release|iPhoneSimulator.Build.0 = Release|Any CPU
		{7612A5C2-C297-43F0-A1EA-855A455EC937}.Release|iPhoneSimulator.Deploy.0 = Release|Any CPU
		{7612A5C2-C297-43F0-A1EA-855A455EC937}.Release|x64.ActiveCfg = Release|Any CPU
		{7612A5C2-C297-43F0-A1EA-855A455EC937}.Release|x64.Build.0 = Release|Any CPU
		{7612A5C2-C297-43F0-A1EA-855A455EC937}.Release|x64.Deploy.0 = Release|Any CPU
		{7612A5C2-C297-43F0-A1EA-855A455EC937}.Release|x86.ActiveCfg = Release|Any CPU
		{7612A5C2-C297-43F0-A1EA-855A455EC937}.Release|x86.Build.0 = Release|Any CPU
		{7612A5C2-C297-43F0-A1EA-855A455EC937}.Release|x86.Deploy.0 = Release|Any CPU
	EndGlobalSection
	GlobalSection(SolutionProperties) = preSolution
		HideSolutionNode = FALSE
	EndGlobalSection
	GlobalSection(ExtensibilityGlobals) = postSolution
		SolutionGuid = {C21AA4D4-4642-4836-B688-901AAD1E9FC8}
	EndGlobalSection
EndGlobal
